// !$*UTF8*$!
{
	archiveVersion = 1;
	classes = {
	};
	objectVersion = 46;
	objects = {

/* Begin PBXBuildFile section */
		64862461180E540600EDD83E /* Foundation.framework in Frameworks */ = {isa = PBXBuildFile; fileRef = 64862460180E540600EDD83E /* Foundation.framework */; };
		64862463180E540600EDD83E /* CoreGraphics.framework in Frameworks */ = {isa = PBXBuildFile; fileRef = 64862462180E540600EDD83E /* CoreGraphics.framework */; };
		64862465180E540600EDD83E /* UIKit.framework in Frameworks */ = {isa = PBXBuildFile; fileRef = 64862464180E540600EDD83E /* UIKit.framework */; };
		6486246B180E540600EDD83E /* InfoPlist.strings in Resources */ = {isa = PBXBuildFile; fileRef = 64862469180E540600EDD83E /* InfoPlist.strings */; };
		6486246D180E540600EDD83E /* main.m in Sources */ = {isa = PBXBuildFile; fileRef = 6486246C180E540600EDD83E /* main.m */; };
		64862471180E540600EDD83E /* AppDelegate.m in Sources */ = {isa = PBXBuildFile; fileRef = 64862470180E540600EDD83E /* AppDelegate.m */; };
		64862474180E540600EDD83E /* Main.storyboard in Resources */ = {isa = PBXBuildFile; fileRef = 64862472180E540600EDD83E /* Main.storyboard */; };
		64862477180E540600EDD83E /* ViewController.m in Sources */ = {isa = PBXBuildFile; fileRef = 64862476180E540600EDD83E /* ViewController.m */; };
		64862479180E540600EDD83E /* Images.xcassets in Resources */ = {isa = PBXBuildFile; fileRef = 64862478180E540600EDD83E /* Images.xcassets */; };
		64862480180E540600EDD83E /* XCTest.framework in Frameworks */ = {isa = PBXBuildFile; fileRef = 6486247F180E540600EDD83E /* XCTest.framework */; };
		64862481180E540600EDD83E /* Foundation.framework in Frameworks */ = {isa = PBXBuildFile; fileRef = 64862460180E540600EDD83E /* Foundation.framework */; };
		64862482180E540600EDD83E /* UIKit.framework in Frameworks */ = {isa = PBXBuildFile; fileRef = 64862464180E540600EDD83E /* UIKit.framework */; };
		6486248A180E540600EDD83E /* InfoPlist.strings in Resources */ = {isa = PBXBuildFile; fileRef = 64862488180E540600EDD83E /* InfoPlist.strings */; };
		6486248C180E540600EDD83E /* CRUploadIndicatorDemoTests.m in Sources */ = {isa = PBXBuildFile; fileRef = 6486248B180E540600EDD83E /* CRUploadIndicatorDemoTests.m */; };
		B0ED0663F58C44AC84E70DC3 /* libPods.a in Frameworks */ = {isa = PBXBuildFile; fileRef = 729AB21B4C54485E8A4EC568 /* libPods.a */; };
/* End PBXBuildFile section */

/* Begin PBXContainerItemProxy section */
		64862483180E540600EDD83E /* PBXContainerItemProxy */ = {
			isa = PBXContainerItemProxy;
			containerPortal = 64862455180E540600EDD83E /* Project object */;
			proxyType = 1;
			remoteGlobalIDString = 6486245C180E540600EDD83E;
			remoteInfo = CRUploadIndicatorDemo;
		};
/* End PBXContainerItemProxy section */

/* Begin PBXFileReference section */
		6486245D180E540600EDD83E /* CRUploadIndicatorDemo.app */ = {isa = PBXFileReference; explicitFileType = wrapper.application; includeInIndex = 0; path = CRUploadIndicatorDemo.app; sourceTree = BUILT_PRODUCTS_DIR; };
		64862460180E540600EDD83E /* Foundation.framework */ = {isa = PBXFileReference; lastKnownFileType = wrapper.framework; name = Foundation.framework; path = System/Library/Frameworks/Foundation.framework; sourceTree = SDKROOT; };
		64862462180E540600EDD83E /* CoreGraphics.framework */ = {isa = PBXFileReference; lastKnownFileType = wrapper.framework; name = CoreGraphics.framework; path = System/Library/Frameworks/CoreGraphics.framework; sourceTree = SDKROOT; };
		64862464180E540600EDD83E /* UIKit.framework */ = {isa = PBXFileReference; lastKnownFileType = wrapper.framework; name = UIKit.framework; path = System/Library/Frameworks/UIKit.framework; sourceTree = SDKROOT; };
		64862468180E540600EDD83E /* CRUploadIndicatorDemo-Info.plist */ = {isa = PBXFileReference; lastKnownFileType = text.plist.xml; path = "CRUploadIndicatorDemo-Info.plist"; sourceTree = "<group>"; };
		6486246A180E540600EDD83E /* en */ = {isa = PBXFileReference; lastKnownFileType = text.plist.strings; name = en; path = en.lproj/InfoPlist.strings; sourceTree = "<group>"; };
		6486246C180E540600EDD83E /* main.m */ = {isa = PBXFileReference; lastKnownFileType = sourcecode.c.objc; path = main.m; sourceTree = "<group>"; };
		6486246E180E540600EDD83E /* CRUploadIndicatorDemo-Prefix.pch */ = {isa = PBXFileReference; lastKnownFileType = sourcecode.c.h; path = "CRUploadIndicatorDemo-Prefix.pch"; sourceTree = "<group>"; };
		6486246F180E540600EDD83E /* AppDelegate.h */ = {isa = PBXFileReference; lastKnownFileType = sourcecode.c.h; path = AppDelegate.h; sourceTree = "<group>"; };
		64862470180E540600EDD83E /* AppDelegate.m */ = {isa = PBXFileReference; lastKnownFileType = sourcecode.c.objc; path = AppDelegate.m; sourceTree = "<group>"; };
		64862475180E540600EDD83E /* ViewController.h */ = {isa = PBXFileReference; lastKnownFileType = sourcecode.c.h; path = ViewController.h; sourceTree = "<group>"; };
		64862476180E540600EDD83E /* ViewController.m */ = {isa = PBXFileReference; lastKnownFileType = sourcecode.c.objc; path = ViewController.m; sourceTree = "<group>"; };
		64862478180E540600EDD83E /* Images.xcassets */ = {isa = PBXFileReference; lastKnownFileType = folder.assetcatalog; path = Images.xcassets; sourceTree = "<group>"; };
		6486247E180E540600EDD83E /* CRUploadIndicatorDemoTests.xctest */ = {isa = PBXFileReference; explicitFileType = wrapper.cfbundle; includeInIndex = 0; path = CRUploadIndicatorDemoTests.xctest; sourceTree = BUILT_PRODUCTS_DIR; };
		6486247F180E540600EDD83E /* XCTest.framework */ = {isa = PBXFileReference; lastKnownFileType = wrapper.framework; name = XCTest.framework; path = Library/Frameworks/XCTest.framework; sourceTree = DEVELOPER_DIR; };
		64862487180E540600EDD83E /* CRUploadIndicatorDemoTests-Info.plist */ = {isa = PBXFileReference; lastKnownFileType = text.plist.xml; path = "CRUploadIndicatorDemoTests-Info.plist"; sourceTree = "<group>"; };
		64862489180E540600EDD83E /* en */ = {isa = PBXFileReference; lastKnownFileType = text.plist.strings; name = en; path = en.lproj/InfoPlist.strings; sourceTree = "<group>"; };
		6486248B180E540600EDD83E /* CRUploadIndicatorDemoTests.m */ = {isa = PBXFileReference; lastKnownFileType = sourcecode.c.objc; path = CRUploadIndicatorDemoTests.m; sourceTree = "<group>"; };
		6486249B180E82AB00EDD83E /* en */ = {isa = PBXFileReference; lastKnownFileType = file.storyboard; name = en; path = en.lproj/Main.storyboard; sourceTree = "<group>"; };
		729AB21B4C54485E8A4EC568 /* libPods.a */ = {isa = PBXFileReference; explicitFileType = archive.ar; includeInIndex = 0; path = libPods.a; sourceTree = BUILT_PRODUCTS_DIR; };
		D166977E94E54D6BA25E5DE5 /* Pods.xcconfig */ = {isa = PBXFileReference; includeInIndex = 1; lastKnownFileType = text.xcconfig; name = Pods.xcconfig; path = Pods/Pods.xcconfig; sourceTree = "<group>"; };
/* End PBXFileReference section */

/* Begin PBXFrameworksBuildPhase section */
		6486245A180E540600EDD83E /* Frameworks */ = {
			isa = PBXFrameworksBuildPhase;
			buildActionMask = 2147483647;
			files = (
				64862463180E540600EDD83E /* CoreGraphics.framework in Frameworks */,
				64862465180E540600EDD83E /* UIKit.framework in Frameworks */,
				64862461180E540600EDD83E /* Foundation.framework in Frameworks */,
				B0ED0663F58C44AC84E70DC3 /* libPods.a in Frameworks */,
			);
			runOnlyForDeploymentPostprocessing = 0;
		};
		6486247B180E540600EDD83E /* Frameworks */ = {
			isa = PBXFrameworksBuildPhase;
			buildActionMask = 2147483647;
			files = (
				64862480180E540600EDD83E /* XCTest.framework in Frameworks */,
				64862482180E540600EDD83E /* UIKit.framework in Frameworks */,
				64862481180E540600EDD83E /* Foundation.framework in Frameworks */,
			);
			runOnlyForDeploymentPostprocessing = 0;
		};
/* End PBXFrameworksBuildPhase section */

/* Begin PBXGroup section */
		64862454180E540600EDD83E = {
			isa = PBXGroup;
			children = (
				64862466180E540600EDD83E /* CRUploadIndicatorDemo */,
				64862485180E540600EDD83E /* CRUploadIndicatorDemoTests */,
				6486245F180E540600EDD83E /* Frameworks */,
				6486245E180E540600EDD83E /* Products */,
				D166977E94E54D6BA25E5DE5 /* Pods.xcconfig */,
			);
			sourceTree = "<group>";
		};
		6486245E180E540600EDD83E /* Products */ = {
			isa = PBXGroup;
			children = (
				6486245D180E540600EDD83E /* CRUploadIndicatorDemo.app */,
				6486247E180E540600EDD83E /* CRUploadIndicatorDemoTests.xctest */,
			);
			name = Products;
			sourceTree = "<group>";
		};
		6486245F180E540600EDD83E /* Frameworks */ = {
			isa = PBXGroup;
			children = (
				64862460180E540600EDD83E /* Foundation.framework */,
				64862462180E540600EDD83E /* CoreGraphics.framework */,
				64862464180E540600EDD83E /* UIKit.framework */,
				6486247F180E540600EDD83E /* XCTest.framework */,
				729AB21B4C54485E8A4EC568 /* libPods.a */,
			);
			name = Frameworks;
			sourceTree = "<group>";
		};
		64862466180E540600EDD83E /* CRUploadIndicatorDemo */ = {
			isa = PBXGroup;
			children = (
				6486246F180E540600EDD83E /* AppDelegate.h */,
				64862470180E540600EDD83E /* AppDelegate.m */,
				64862472180E540600EDD83E /* Main.storyboard */,
				64862475180E540600EDD83E /* ViewController.h */,
				64862476180E540600EDD83E /* ViewController.m */,
				64862478180E540600EDD83E /* Images.xcassets */,
				64862467180E540600EDD83E /* Supporting Files */,
			);
			path = CRUploadIndicatorDemo;
			sourceTree = "<group>";
		};
		64862467180E540600EDD83E /* Supporting Files */ = {
			isa = PBXGroup;
			children = (
				64862468180E540600EDD83E /* CRUploadIndicatorDemo-Info.plist */,
				64862469180E540600EDD83E /* InfoPlist.strings */,
				6486246C180E540600EDD83E /* main.m */,
				6486246E180E540600EDD83E /* CRUploadIndicatorDemo-Prefix.pch */,
			);
			name = "Supporting Files";
			sourceTree = "<group>";
		};
		64862485180E540600EDD83E /* CRUploadIndicatorDemoTests */ = {
			isa = PBXGroup;
			children = (
				6486248B180E540600EDD83E /* CRUploadIndicatorDemoTests.m */,
				64862486180E540600EDD83E /* Supporting Files */,
			);
			path = CRUploadIndicatorDemoTests;
			sourceTree = "<group>";
		};
		64862486180E540600EDD83E /* Supporting Files */ = {
			isa = PBXGroup;
			children = (
				64862487180E540600EDD83E /* CRUploadIndicatorDemoTests-Info.plist */,
				64862488180E540600EDD83E /* InfoPlist.strings */,
			);
			name = "Supporting Files";
			sourceTree = "<group>";
		};
/* End PBXGroup section */

/* Begin PBXNativeTarget section */
		6486245C180E540600EDD83E /* CRUploadIndicatorDemo */ = {
			isa = PBXNativeTarget;
			buildConfigurationList = 6486248F180E540600EDD83E /* Build configuration list for PBXNativeTarget "CRUploadIndicatorDemo" */;
			buildPhases = (
				58FC646FD16D4AD1A1C50971 /* Check Pods Manifest.lock */,
				64862459180E540600EDD83E /* Sources */,
				6486245A180E540600EDD83E /* Frameworks */,
				6486245B180E540600EDD83E /* Resources */,
				F44AABFC3013424BB9B366CF /* Copy Pods Resources */,
			);
			buildRules = (
			);
			dependencies = (
			);
			name = CRUploadIndicatorDemo;
			productName = CRUploadIndicatorDemo;
			productReference = 6486245D180E540600EDD83E /* CRUploadIndicatorDemo.app */;
			productType = "com.apple.product-type.application";
		};
		6486247D180E540600EDD83E /* CRUploadIndicatorDemoTests */ = {
			isa = PBXNativeTarget;
			buildConfigurationList = 64862492180E540600EDD83E /* Build configuration list for PBXNativeTarget "CRUploadIndicatorDemoTests" */;
			buildPhases = (
				6486247A180E540600EDD83E /* Sources */,
				6486247B180E540600EDD83E /* Frameworks */,
				6486247C180E540600EDD83E /* Resources */,
			);
			buildRules = (
			);
			dependencies = (
				64862484180E540600EDD83E /* PBXTargetDependency */,
			);
			name = CRUploadIndicatorDemoTests;
			productName = CRUploadIndicatorDemoTests;
			productReference = 6486247E180E540600EDD83E /* CRUploadIndicatorDemoTests.xctest */;
			productType = "com.apple.product-type.bundle.unit-test";
		};
/* End PBXNativeTarget section */

/* Begin PBXProject section */
		64862455180E540600EDD83E /* Project object */ = {
			isa = PBXProject;
			attributes = {
				LastUpgradeCheck = 0500;
				ORGANIZATIONNAME = "Couger Inc.";
				TargetAttributes = {
					6486247D180E540600EDD83E = {
						TestTargetID = 6486245C180E540600EDD83E;
					};
				};
			};
			buildConfigurationList = 64862458180E540600EDD83E /* Build configuration list for PBXProject "CRUploadIndicatorDemo" */;
			compatibilityVersion = "Xcode 3.2";
			developmentRegion = English;
			hasScannedForEncodings = 0;
			knownRegions = (
				en,
				Base,
			);
			mainGroup = 64862454180E540600EDD83E;
			productRefGroup = 6486245E180E540600EDD83E /* Products */;
			projectDirPath = "";
			projectRoot = "";
			targets = (
				6486245C180E540600EDD83E /* CRUploadIndicatorDemo */,
				6486247D180E540600EDD83E /* CRUploadIndicatorDemoTests */,
			);
		};
/* End PBXProject section */

/* Begin PBXResourcesBuildPhase section */
		6486245B180E540600EDD83E /* Resources */ = {
			isa = PBXResourcesBuildPhase;
			buildActionMask = 2147483647;
			files = (
				64862479180E540600EDD83E /* Images.xcassets in Resources */,
				6486246B180E540600EDD83E /* InfoPlist.strings in Resources */,
				64862474180E540600EDD83E /* Main.storyboard in Resources */,
			);
			runOnlyForDeploymentPostprocessing = 0;
		};
		6486247C180E540600EDD83E /* Resources */ = {
			isa = PBXResourcesBuildPhase;
			buildActionMask = 2147483647;
			files = (
				6486248A180E540600EDD83E /* InfoPlist.strings in Resources */,
			);
			runOnlyForDeploymentPostprocessing = 0;
		};
/* End PBXResourcesBuildPhase section */

/* Begin PBXShellScriptBuildPhase section */
		58FC646FD16D4AD1A1C50971 /* Check Pods Manifest.lock */ = {
			isa = PBXShellScriptBuildPhase;
			buildActionMask = 2147483647;
			files = (
			);
			inputPaths = (
			);
			name = "Check Pods Manifest.lock";
			outputPaths = (
			);
			runOnlyForDeploymentPostprocessing = 0;
			shellPath = /bin/sh;
			shellScript = "diff \"${PODS_ROOT}/../Podfile.lock\" \"${PODS_ROOT}/Manifest.lock\" > /dev/null\nif [[ $? != 0 ]] ; then\n    cat << EOM\nerror: The sandbox is not in sync with the Podfile.lock. Run 'pod install' or update your CocoaPods installation.\nEOM\n    exit 1\nfi\n";
			showEnvVarsInLog = 0;
		};
		F44AABFC3013424BB9B366CF /* Copy Pods Resources */ = {
			isa = PBXShellScriptBuildPhase;
			buildActionMask = 2147483647;
			files = (
			);
			inputPaths = (
			);
			name = "Copy Pods Resources";
			outputPaths = (
			);
			runOnlyForDeploymentPostprocessing = 0;
			shellPath = /bin/sh;
			shellScript = "\"${SRCROOT}/Pods/Pods-resources.sh\"\n";
			showEnvVarsInLog = 0;
		};
/* End PBXShellScriptBuildPhase section */

/* Begin PBXSourcesBuildPhase section */
		64862459180E540600EDD83E /* Sources */ = {
			isa = PBXSourcesBuildPhase;
			buildActionMask = 2147483647;
			files = (
				64862477180E540600EDD83E /* ViewController.m in Sources */,
				64862471180E540600EDD83E /* AppDelegate.m in Sources */,
				6486246D180E540600EDD83E /* main.m in Sources */,
			);
			runOnlyForDeploymentPostprocessing = 0;
		};
		6486247A180E540600EDD83E /* Sources */ = {
			isa = PBXSourcesBuildPhase;
			buildActionMask = 2147483647;
			files = (
				6486248C180E540600EDD83E /* CRUploadIndicatorDemoTests.m in Sources */,
			);
			runOnlyForDeploymentPostprocessing = 0;
		};
/* End PBXSourcesBuildPhase section */

/* Begin PBXTargetDependency section */
		64862484180E540600EDD83E /* PBXTargetDependency */ = {
			isa = PBXTargetDependency;
			target = 6486245C180E540600EDD83E /* CRUploadIndicatorDemo */;
			targetProxy = 64862483180E540600EDD83E /* PBXContainerItemProxy */;
		};
/* End PBXTargetDependency section */

/* Begin PBXVariantGroup section */
		64862469180E540600EDD83E /* InfoPlist.strings */ = {
			isa = PBXVariantGroup;
			children = (
				6486246A180E540600EDD83E /* en */,
			);
			name = InfoPlist.strings;
			sourceTree = "<group>";
		};
		64862472180E540600EDD83E /* Main.storyboard */ = {
			isa = PBXVariantGroup;
			children = (
				6486249B180E82AB00EDD83E /* en */,
			);
			name = Main.storyboard;
			sourceTree = "<group>";
		};
		64862488180E540600EDD83E /* InfoPlist.strings */ = {
			isa = PBXVariantGroup;
			children = (
				64862489180E540600EDD83E /* en */,
			);
			name = InfoPlist.strings;
			sourceTree = "<group>";
		};
/* End PBXVariantGroup section */

/* Begin XCBuildConfiguration section */
		6486248D180E540600EDD83E /* Debug */ = {
			isa = XCBuildConfiguration;
			buildSettings = {
				ALWAYS_SEARCH_USER_PATHS = NO;
				ARCHS = "$(ARCHS_STANDARD_INCLUDING_64_BIT)";
				CLANG_CXX_LANGUAGE_STANDARD = "gnu++0x";
				CLANG_CXX_LIBRARY = "libc++";
				CLANG_ENABLE_MODULES = YES;
				CLANG_ENABLE_OBJC_ARC = YES;
				CLANG_WARN_BOOL_CONVERSION = YES;
				CLANG_WARN_CONSTANT_CONVERSION = YES;
				CLANG_WARN_DIRECT_OBJC_ISA_USAGE = YES_ERROR;
				CLANG_WARN_EMPTY_BODY = YES;
				CLANG_WARN_ENUM_CONVERSION = YES;
				CLANG_WARN_INT_CONVERSION = YES;
				CLANG_WARN_OBJC_ROOT_CLASS = YES_ERROR;
				CLANG_WARN__DUPLICATE_METHOD_MATCH = YES;
				"CODE_SIGN_IDENTITY[sdk=iphoneos*]" = "iPhone Developer";
				COPY_PHASE_STRIP = NO;
				GCC_C_LANGUAGE_STANDARD = gnu99;
				GCC_DYNAMIC_NO_PIC = NO;
				GCC_OPTIMIZATION_LEVEL = 0;
				GCC_PREPROCESSOR_DEFINITIONS = (
					"DEBUG=1",
					"$(inherited)",
				);
				GCC_SYMBOLS_PRIVATE_EXTERN = NO;
				GCC_WARN_64_TO_32_BIT_CONVERSION = YES;
				GCC_WARN_ABOUT_RETURN_TYPE = YES_ERROR;
				GCC_WARN_UNDECLARED_SELECTOR = YES;
				GCC_WARN_UNINITIALIZED_AUTOS = YES;
				GCC_WARN_UNUSED_FUNCTION = YES;
				GCC_WARN_UNUSED_VARIABLE = YES;
				IPHONEOS_DEPLOYMENT_TARGET = 5.1;
				ONLY_ACTIVE_ARCH = YES;
				SDKROOT = iphoneos;
			};
			name = Debug;
		};
		6486248E180E540600EDD83E /* Release */ = {
			isa = XCBuildConfiguration;
			buildSettings = {
				ALWAYS_SEARCH_USER_PATHS = NO;
				ARCHS = "$(ARCHS_STANDARD_INCLUDING_64_BIT)";
				CLANG_CXX_LANGUAGE_STANDARD = "gnu++0x";
				CLANG_CXX_LIBRARY = "libc++";
				CLANG_ENABLE_MODULES = YES;
				CLANG_ENABLE_OBJC_ARC = YES;
				CLANG_WARN_BOOL_CONVERSION = YES;
				CLANG_WARN_CONSTANT_CONVERSION = YES;
				CLANG_WARN_DIRECT_OBJC_ISA_USAGE = YES_ERROR;
				CLANG_WARN_EMPTY_BODY = YES;
				CLANG_WARN_ENUM_CONVERSION = YES;
				CLANG_WARN_INT_CONVERSION = YES;
				CLANG_WARN_OBJC_ROOT_CLASS = YES_ERROR;
				CLANG_WARN__DUPLICATE_METHOD_MATCH = YES;
				"CODE_SIGN_IDENTITY[sdk=iphoneos*]" = "iPhone Developer";
				COPY_PHASE_STRIP = YES;
				ENABLE_NS_ASSERTIONS = NO;
				GCC_C_LANGUAGE_STANDARD = gnu99;
				GCC_WARN_64_TO_32_BIT_CONVERSION = YES;
				GCC_WARN_ABOUT_RETURN_TYPE = YES_ERROR;
				GCC_WARN_UNDECLARED_SELECTOR = YES;
				GCC_WARN_UNINITIALIZED_AUTOS = YES;
				GCC_WARN_UNUSED_FUNCTION = YES;
				GCC_WARN_UNUSED_VARIABLE = YES;
				IPHONEOS_DEPLOYMENT_TARGET = 5.1;
				SDKROOT = iphoneos;
				VALIDATE_PRODUCT = YES;
			};
			name = Release;
		};
		64862490180E540600EDD83E /* Debug */ = {
			isa = XCBuildConfiguration;
			baseConfigurationReference = D166977E94E54D6BA25E5DE5 /* Pods.xcconfig */;
			buildSettings = {
				ASSETCATALOG_COMPILER_APPICON_NAME = AppIcon;
				ASSETCATALOG_COMPILER_LAUNCHIMAGE_NAME = LaunchImage;
				GCC_PRECOMPILE_PREFIX_HEADER = YES;
				GCC_PREFIX_HEADER = "CRUploadIndicatorDemo/CRUploadIndicatorDemo-Prefix.pch";
				INFOPLIST_FILE = "CRUploadIndicatorDemo/CRUploadIndicatorDemo-Info.plist";
				PRODUCT_NAME = "$(TARGET_NAME)";
				WRAPPER_EXTENSION = app;
			};
			name = Debug;
		};
		64862491180E540600EDD83E /* Release */ = {
			isa = XCBuildConfiguration;
			baseConfigurationReference = D166977E94E54D6BA25E5DE5 /* Pods.xcconfig */;
			buildSettings = {
				ASSETCATALOG_COMPILER_APPICON_NAME = AppIcon;
				ASSETCATALOG_COMPILER_LAUNCHIMAGE_NAME = LaunchImage;
				GCC_PRECOMPILE_PREFIX_HEADER = YES;
				GCC_PREFIX_HEADER = "CRUploadIndicatorDemo/CRUploadIndicatorDemo-Prefix.pch";
				INFOPLIST_FILE = "CRUploadIndicatorDemo/CRUploadIndicatorDemo-Info.plist";
				PRODUCT_NAME = "$(TARGET_NAME)";
				WRAPPER_EXTENSION = app;
			};
			name = Release;
		};
		64862493180E540600EDD83E /* Debug */ = {
			isa = XCBuildConfiguration;
			buildSettings = {
				ARCHS = "$(ARCHS_STANDARD_INCLUDING_64_BIT)";
				BUNDLE_LOADER = "$(BUILT_PRODUCTS_DIR)/CRUploadIndicatorDemo.app/CRUploadIndicatorDemo";
				FRAMEWORK_SEARCH_PATHS = (
					"$(SDKROOT)/Developer/Library/Frameworks",
					"$(inherited)",
					"$(DEVELOPER_FRAMEWORKS_DIR)",
				);
				GCC_PRECOMPILE_PREFIX_HEADER = YES;
				GCC_PREFIX_HEADER = "CRUploadIndicatorDemo/CRUploadIndicatorDemo-Prefix.pch";
				GCC_PREPROCESSOR_DEFINITIONS = (
					"DEBUG=1",
					"$(inherited)",
				);
				INFOPLIST_FILE = "CRUploadIndicatorDemoTests/CRUploadIndicatorDemoTests-Info.plist";
				PRODUCT_NAME = "$(TARGET_NAME)";
				TEST_HOST = "$(BUNDLE_LOADER)";
				WRAPPER_EXTENSION = xctest;
			};
			name = Debug;
		};
		64862494180E540600EDD83E /* Release */ = {
			isa = XCBuildConfiguration;
			buildSettings = {
				ARCHS = "$(ARCHS_STANDARD_INCLUDING_64_BIT)";
				BUNDLE_LOADER = "$(BUILT_PRODUCTS_DIR)/CRUploadIndicatorDemo.app/CRUploadIndicatorDemo";
				FRAMEWORK_SEARCH_PATHS = (
					"$(SDKROOT)/Developer/Library/Frameworks",
					"$(inherited)",
					"$(DEVELOPER_FRAMEWORKS_DIR)",
				);
				GCC_PRECOMPILE_PREFIX_HEADER = YES;
				GCC_PREFIX_HEADER = "CRUploadIndicatorDemo/CRUploadIndicatorDemo-Prefix.pch";
				INFOPLIST_FILE = "CRUploadIndicatorDemoTests/CRUploadIndicatorDemoTests-Info.plist";
				PRODUCT_NAME = "$(TARGET_NAME)";
				TEST_HOST = "$(BUNDLE_LOADER)";
				WRAPPER_EXTENSION = xctest;
			};
			name = Release;
		};
/* End XCBuildConfiguration section */

/* Begin XCConfigurationList section */
		64862458180E540600EDD83E /* Build configuration list for PBXProject "CRUploadIndicatorDemo" */ = {
			isa = XCConfigurationList;
			buildConfigurations = (
				6486248D180E540600EDD83E /* Debug */,
				6486248E180E540600EDD83E /* Release */,
			);
			defaultConfigurationIsVisible = 0;
			defaultConfigurationName = Release;
		};
		6486248F180E540600EDD83E /* Build configuration list for PBXNativeTarget "CRUploadIndicatorDemo" */ = {
			isa = XCConfigurationList;
			buildConfigurations = (
				64862490180E540600EDD83E /* Debug */,
				64862491180E540600EDD83E /* Release */,
			);
			defaultConfigurationIsVisible = 0;
			defaultConfigurationName = Release;
		};
		64862492180E540600EDD83E /* Build configuration list for PBXNativeTarget "CRUploadIndicatorDemoTests" */ = {
			isa = XCConfigurationList;
			buildConfigurations = (
				64862493180E540600EDD83E /* Debug */,
				64862494180E540600EDD83E /* Release */,
			);
			defaultConfigurationIsVisible = 0;
			defaultConfigurationName = Release;
		};
/* End XCConfigurationList section */
	};
	rootObject = 64862455180E540600EDD83E /* Project object */;
}
